name: Hero Copy Lock
# Touched 2026-04-27 to trigger an initial run so GitHub registers the
# two job names (`Vitest — source-level byte-exact lock` and
# `Playwright — hero copy byte-exact DOM lock`) as selectable status
# checks in branch-protection rules. Safe to delete on the next edit.

# Runs the hero-copy guards on every pull request:
#   1. Vitest source-level byte-exact lock (src/content/hero-copy.test.ts)
#      — fast, browser-less, fails the moment HERO_COPY drifts from
#      HERO_COPY_SPEC. Failure output includes the precise codepoint
#      diff between actual and expected.
#   2. Playwright DOM byte-exact lock (e2e/hero-copy-byte-exact.spec.ts)
#      — boots the dev server and asserts each [data-hero-field]
#      textContent equals the spec byte-for-byte. Uses Playwright's
#      `github` reporter (configured in playwright.config.ts when
#      CI=true), which converts each failed assertion into an inline
#      pull-request annotation — so the byte-diff message lands in the
#      PR "Files changed" view next to the failing line.
#
# Wire this workflow as a required status check in branch protection so
# any drift in approved hero wording blocks merges.
on:
  pull_request:
    branches: [main]
  push:
    branches: [main]
  workflow_dispatch:
    inputs:
      qa_report_retention_days:
        description: "Retention (days) for hero-copy QA JSON reports. GitHub max is 90."
        required: false
        default: "14"
      qa_logs_retention_days:
        description: "Retention (days) for hero-copy QA logs (stdout/stderr + exit code + meta.json). Falls back to qa_report_retention_days when empty. GitHub max is 90."
        required: false
        default: ""
      qa_meta_retention_days:
        description: "Retention (days) for the run metadata (meta.json) artifact. Falls back to qa_logs_retention_days, then qa_report_retention_days. GitHub max is 90."
        required: false
        default: ""

# Cancel in-flight runs for the same PR when new commits are pushed.
concurrency:
  group: hero-copy-lock-${{ github.ref }}
  cancel-in-progress: true

jobs:
  unit:
    name: Vitest — source-level byte-exact lock
    runs-on: ubuntu-latest
    timeout-minutes: 5
    steps:
      - name: Checkout
        uses: actions/checkout@v4

      - name: Setup Bun
        uses: oven-sh/setup-bun@v2
        with:
          bun-version: latest

      - name: Install dependencies
        run: bun install --frozen-lockfile

      - name: Run Vitest suite
        # The full suite is small and fast; running it (not just the
        # hero-copy file) catches any sibling unit regression introduced
        # alongside a hero-copy edit. Vitest's default reporter prints
        # the throw-message body — including our `describeFirstDiff`
        # codepoint dump — verbatim into the job log on failure.
        run: bun run test
        env:
          CI: "true"

  e2e:
    name: Playwright — hero copy byte-exact DOM lock
    runs-on: ubuntu-latest
    timeout-minutes: 15
    needs: unit
    # Run the DOM lock even if unit tests passed; if unit tests fail we
    # already know copy is broken at the source — no point spinning up
    # a browser. `needs: unit` enforces that ordering.
    steps:
      - name: Checkout
        uses: actions/checkout@v4

      - name: Setup Bun
        uses: oven-sh/setup-bun@v2
        with:
          bun-version: latest

      - name: Install dependencies
        run: bun install --frozen-lockfile

      - name: Cache Playwright browsers
        id: playwright-cache
        uses: actions/cache@v4
        with:
          path: ~/.cache/ms-playwright
          key: playwright-${{ runner.os }}-${{ hashFiles('package.json', 'bun.lockb') }}
          restore-keys: |
            playwright-${{ runner.os }}-

      - name: Install Playwright Chromium + system deps
        # Always install OS deps (cache only covers the browser binary).
        run: |
          if [ "${{ steps.playwright-cache.outputs.cache-hit }}" = "true" ]; then
            bunx playwright install-deps chromium
          else
            bunx playwright install --with-deps chromium
          fi

      - name: Run hero copy byte-exact spec
        # Playwright's `github` reporter (set in playwright.config.ts
        # when CI=true) emits ::error::file=...,line=... annotations for
        # every failed expect(), with the FULL message body — meaning
        # our `describeFirstDiff` output (e.g. "first divergence at
        # index 12: actual=U+201C vs expected=U+0022") shows up inline
        # in the PR "Files changed" view next to the offending source
        # line. Do NOT pass --reporter on the CLI here — that overrides
        # the config and drops the github reporter.
        run: bunx playwright test e2e/hero-copy-byte-exact.spec.ts
        env:
          CI: "true"

      - name: Upload Playwright report (traces + DOM snapshots)
        # On failure the report includes a full DOM snapshot of the
        # rendered hero, so reviewers can see exactly what shipped vs
        # what the spec expected even after the runner is gone.
        if: always()
        uses: actions/upload-artifact@v4
        with:
          name: hero-copy-playwright-report
          path: playwright-report/
          retention-days: 14

  qa-report:
    name: hero-copy-qa — preview/prod drift JSON report
    runs-on: ubuntu-latest
    timeout-minutes: 10
    # Independent of unit/e2e: the source-level lock can pass while a
    # deployed environment still drifts (cached HTML, stale build, CDN
    # purge lag), so this job runs in parallel and produces a CI-grade
    # JSON artifact regardless of the byte-exact lock outcome.
    steps:
      - name: Checkout
        uses: actions/checkout@v4

      - name: Setup Bun
        uses: oven-sh/setup-bun@v2
        with:
          bun-version: latest

      - name: Install dependencies
        run: bun install --frozen-lockfile

      - name: Pin emitter schema (offline)
        # Air-gapped sanity check: --report-json-schema makes no network
        # calls, prints the validator schema, and exits 0. We assert the
        # schema name BEFORE running the network preflight so a bumped
        # contract fails this job loudly even if production is down.
        run: |
          SCHEMA="$(node scripts/hero-copy-qa.mjs --report-json-schema | jq -r .schema)"
          echo "Emitter schema: $SCHEMA"
          test "$SCHEMA" = "hero-copy-qa@1"

      - name: Run hero-copy QA (strict, JSON to file)
        # --report-json-strict turns any silent emitter divergence into
        # EXIT.RUNTIME_ERROR (3) so a malformed report can never be
        # uploaded as if it were valid. The JSON file is uploaded below
        # regardless of exit code via `if: always()`.
        #
        # We tee stdout + stderr to separate log files for triage. The
        # script's real exit code is captured via PIPESTATUS[0] (tee
        # would otherwise mask a non-zero exit and let drift slip
        # through as a green check). The exit code itself is also
        # written to disk so reviewers downloading the logs artifact
        # see the precise EXIT.* without needing the GitHub UI.
        run: |
          mkdir -p qa-reports qa-logs
          set +e
          node scripts/hero-copy-qa.mjs \
            --report-json=qa-reports/hero-copy-qa.json \
            --report-json-strict \
            > >(tee qa-logs/stdout.log) \
            2> >(tee qa-logs/stderr.log >&2)
          EXIT_CODE=${PIPESTATUS[0]}
          set -e
          echo "$EXIT_CODE" > qa-logs/exit-code.txt
          echo "hero-copy-qa exit code: $EXIT_CODE"
          exit "$EXIT_CODE"
        env:
          CI: "true"

      - name: Write run metadata (qa-meta/meta.json + qa-logs/meta.json)
        # Bundles GitHub run context next to the script logs so a
        # downloaded artifact is self-describing — no need to cross-
        # reference the GitHub UI to know which commit/workflow/runner
        # produced these logs. Always runs (even on QA failure) so the
        # metadata exists for the most interesting (failing) runs.
        # `mkdir -p` is defensive: if the QA step crashed before the
        # earlier mkdir we still want to ship metadata.
        # `jq -n --arg` is used (rather than a heredoc) so any quirky
        # characters in branch names / actor handles are JSON-escaped
        # correctly.
        #
        # The metadata is written to BOTH `qa-meta/` (uploaded as its
        # own artifact with independent retention) AND `qa-logs/` (kept
        # for back-compat with consumers that already read meta.json
        # from the logs artifact). The two copies are byte-identical.
        if: always()
        run: |
          mkdir -p qa-logs qa-meta
          EXIT_CODE="$(cat qa-logs/exit-code.txt 2>/dev/null || echo unknown)"
          jq -n \
            --arg generatedAt "$(date -u +%Y-%m-%dT%H:%M:%SZ)" \
            --arg workflow    "${{ github.workflow }}" \
            --arg job         "${{ github.job }}" \
            --arg runId       "${{ github.run_id }}" \
            --arg runNumber   "${{ github.run_number }}" \
            --arg runAttempt  "${{ github.run_attempt }}" \
            --arg eventName   "${{ github.event_name }}" \
            --arg ref         "${{ github.ref }}" \
            --arg refName     "${{ github.ref_name }}" \
            --arg sha         "${{ github.sha }}" \
            --arg actor       "${{ github.actor }}" \
            --arg repository  "${{ github.repository }}" \
            --arg runnerOS    "${{ runner.os }}" \
            --arg runnerArch  "${{ runner.arch }}" \
            --arg nodeVersion "$(node --version)" \
            --arg bunVersion  "$(bun --version 2>/dev/null || echo unavailable)" \
            --arg exitCode    "$EXIT_CODE" \
            '{
              schema: "hero-copy-qa-meta@1",
              generatedAt: $generatedAt,
              github: {
                workflow:   $workflow,
                job:        $job,
                runId:      $runId,
                runNumber:  $runNumber,
                runAttempt: $runAttempt,
                eventName:  $eventName,
                ref:        $ref,
                refName:    $refName,
                sha:        $sha,
                actor:      $actor,
                repository: $repository
              },
              runner: {
                os:   $runnerOS,
                arch: $runnerArch
              },
              versions: {
                node: $nodeVersion,
                bun:  $bunVersion
              },
              qa: {
                exitCode: $exitCode
              }
            }' > qa-meta/meta.json
          cp qa-meta/meta.json qa-logs/meta.json
          echo "Wrote qa-meta/meta.json (also copied to qa-logs/meta.json):"
          cat qa-meta/meta.json

      - name: Upload hero-copy QA JSON report
        # Always upload — drift, fetch failures, and runtime errors are
        # exactly the cases where the JSON is most useful for triage.
        # Retention is configurable from `workflow_dispatch` (default 14
        # days); for pull_request / push runs GitHub falls back to the
        # repo's default retention if the input is empty.
        #
        # `if-no-files-found: ignore` because a hard runtime crash before
        # the first emit leaves no JSON on disk — we don't want a noisy
        # "no files found" warning competing with the real failure in
        # the logs artifact below.
        if: always()
        uses: actions/upload-artifact@v4
        with:
          name: hero-copy-qa-report
          path: qa-reports/hero-copy-qa.json
          retention-days: ${{ inputs.qa_report_retention_days || '14' }}
          if-no-files-found: ignore

      - name: Upload hero-copy QA logs (stdout/stderr + exit code)
        # Separate artifact so triage doesn't have to download the JSON
        # to read the human-readable log, and vice versa. Captures the
        # full stderr stream — which is where --report-json=<path> sends
        # the human log when stdout is being used for machine output —
        # plus the exit code file written above. Always uploaded so a
        # crashing/empty-JSON run still ships its log trail.
        if: always()
        uses: actions/upload-artifact@v4
        with:
          name: hero-copy-qa-logs
          path: qa-logs/
          retention-days: ${{ inputs.qa_report_retention_days || '14' }}
          if-no-files-found: warn

